
Microsoft Visual Studio Solution File, Format Version 12.00
# Visual Studio 15
VisualStudioVersion = 15.0.27130.2036
MinimumVisualStudioVersion = 10.0.40219.1
Project("{9A19103F-16F7-4668-BE54-9A1E7A4F7556}") = "Disposing", "Disposing\Disposing.csproj", "{982F3D1A-2C9E-4348-87C8-5B26C9AFB347}"
EndProject
Project("{FAE04EC0-301F-11D3-BF4B-00C04F79EFBC}") = "Disposing.Tests", "Disposing.Tests\Disposing.Tests.csproj", "{EC020597-B5FE-4B11-8836-6D55BE1D3ED2}"
EndProject
Global
	GlobalSection(SolutionConfigurationPlatforms) = preSolution
		Debug|Any CPU = Debug|Any CPU
		Release|Any CPU = Release|Any CPU
	EndGlobalSection
	GlobalSection(ProjectConfigurationPlatforms) = postSolution
		{982F3D1A-2C9E-4348-87C8-5B26C9AFB347}.Debug|Any CPU.ActiveCfg = Debug|Any CPU
		{982F3D1A-2C9E-4348-87C8-5B26C9AFB347}.Debug|Any CPU.Build.0 = Debug|Any CPU
		{982F3D1A-2C9E-4348-87C8-5B26C9AFB347}.Release|Any CPU.ActiveCfg = Release|Any CPU
		{982F3D1A-2C9E-4348-87C8-5B26C9AFB347}.Release|Any CPU.Build.0 = Release|Any CPU
		{EC020597-B5FE-4B11-8836-6D55BE1D3ED2}.Debug|Any CPU.ActiveCfg = Debug|Any CPU
		{EC020597-B5FE-4B11-8836-6D55BE1D3ED2}.Debug|Any CPU.Build.0 = Debug|Any CPU
		{EC020597-B5FE-4B11-8836-6D55BE1D3ED2}.Release|Any CPU.ActiveCfg = Release|Any CPU
		{EC020597-B5FE-4B11-8836-6D55BE1D3ED2}.Release|Any CPU.Build.0 = Release|Any CPU
	EndGlobalSection
	GlobalSection(SolutionProperties) = preSolution
		HideSolutionNode = FALSE
	EndGlobalSection
	GlobalSection(ExtensibilityGlobals) = postSolution
		SolutionGuid = {C7ED841B-1E26-435C-9577-54056C7D8DE7}
	EndGlobalSection
EndGlobal
